// !$*UTF8*$!
{
	archiveVersion = 1;
	classes = {
	};
	objectVersion = 46;
	objects = {

/* Begin PBXBuildFile section */
		77306CB51A14538200969E73 /* AppDelegate.swift in Sources */ = {isa = PBXBuildFile; fileRef = 77306CB41A14538200969E73 /* AppDelegate.swift */; };
		77306CB71A14538200969E73 /* ViewController.swift in Sources */ = {isa = PBXBuildFile; fileRef = 77306CB61A14538200969E73 /* ViewController.swift */; };
		77306CBA1A14538200969E73 /* Main.storyboard in Resources */ = {isa = PBXBuildFile; fileRef = 77306CB81A14538200969E73 /* Main.storyboard */; };
		77306CBC1A14538200969E73 /* Images.xcassets in Resources */ = {isa = PBXBuildFile; fileRef = 77306CBB1A14538200969E73 /* Images.xcassets */; };
		77306CBF1A14538200969E73 /* LaunchScreen.xib in Resources */ = {isa = PBXBuildFile; fileRef = 77306CBD1A14538200969E73 /* LaunchScreen.xib */; };
		77306CCB1A14538200969E73 /* WorldTravelerTests.swift in Sources */ = {isa = PBXBuildFile; fileRef = 77306CCA1A14538200969E73 /* WorldTravelerTests.swift */; };
/* End PBXBuildFile section */

/* Begin PBXContainerItemProxy section */
		77306CC51A14538200969E73 /* PBXContainerItemProxy */ = {
			isa = PBXContainerItemProxy;
			containerPortal = 77306CA71A14538200969E73 /* Project object */;
			proxyType = 1;
			remoteGlobalIDString = 77306CAE1A14538200969E73;
			remoteInfo = WorldTraveler;
		};
/* End PBXContainerItemProxy section */

/* Begin PBXFileReference section */
		77306CAF1A14538200969E73 /* WorldTraveler.app */ = {isa = PBXFileReference; explicitFileType = wrapper.application; includeInIndex = 0; path = WorldTraveler.app; sourceTree = BUILT_PRODUCTS_DIR; };
		77306CB31A14538200969E73 /* Info.plist */ = {isa = PBXFileReference; lastKnownFileType = text.plist.xml; path = Info.plist; sourceTree = "<group>"; };
		77306CB41A14538200969E73 /* AppDelegate.swift */ = {isa = PBXFileReference; lastKnownFileType = sourcecode.swift; path = AppDelegate.swift; sourceTree = "<group>"; };
		77306CB61A14538200969E73 /* ViewController.swift */ = {isa = PBXFileReference; lastKnownFileType = sourcecode.swift; path = ViewController.swift; sourceTree = "<group>"; };
		77306CB91A14538200969E73 /* Base */ = {isa = PBXFileReference; lastKnownFileType = file.storyboard; name = Base; path = Base.lproj/Main.storyboard; sourceTree = "<group>"; };
		77306CBB1A14538200969E73 /* Images.xcassets */ = {isa = PBXFileReference; lastKnownFileType = folder.assetcatalog; path = Images.xcassets; sourceTree = "<group>"; };
		77306CBE1A14538200969E73 /* Base */ = {isa = PBXFileReference; lastKnownFileType = file.xib; name = Base; path = Base.lproj/LaunchScreen.xib; sourceTree = "<group>"; };
		77306CC41A14538200969E73 /* WorldTravelerTests.xctest */ = {isa = PBXFileReference; explicitFileType = wrapper.cfbundle; includeInIndex = 0; path = WorldTravelerTests.xctest; sourceTree = BUILT_PRODUCTS_DIR; };
		77306CC91A14538200969E73 /* Info.plist */ = {isa = PBXFileReference; lastKnownFileType = text.plist.xml; path = Info.plist; sourceTree = "<group>"; };
		77306CCA1A14538200969E73 /* WorldTravelerTests.swift */ = {isa = PBXFileReference; lastKnownFileType = sourcecode.swift; path = WorldTravelerTests.swift; sourceTree = "<group>"; };
/* End PBXFileReference section */

/* Begin PBXFrameworksBuildPhase section */
		77306CAC1A14538200969E73 /* Frameworks */ = {
			isa = PBXFrameworksBuildPhase;
			buildActionMask = 2147483647;
			files = (
			);
			runOnlyForDeploymentPostprocessing = 0;
		};
		77306CC11A14538200969E73 /* Frameworks */ = {
			isa = PBXFrameworksBuildPhase;
			buildActionMask = 2147483647;
			files = (
			);
			runOnlyForDeploymentPostprocessing = 0;
		};
/* End PBXFrameworksBuildPhase section */

/* Begin PBXGroup section */
		77306CA61A14538200969E73 = {
			isa = PBXGroup;
			children = (
				77306CB11A14538200969E73 /* WorldTraveler */,
				77306CC71A14538200969E73 /* WorldTravelerTests */,
				77306CB01A14538200969E73 /* Products */,
			);
			sourceTree = "<group>";
		};
		77306CB01A14538200969E73 /* Products */ = {
			isa = PBXGroup;
			children = (
				77306CAF1A14538200969E73 /* WorldTraveler.app */,
				77306CC41A14538200969E73 /* WorldTravelerTests.xctest */,
			);
			name = Products;
			sourceTree = "<group>";
		};
		77306CB11A14538200969E73 /* WorldTraveler */ = {
			isa = PBXGroup;
			children = (
				77306CB41A14538200969E73 /* AppDelegate.swift */,
				77306CB61A14538200969E73 /* ViewController.swift */,
				77306CB81A14538200969E73 /* Main.storyboard */,
				77306CBB1A14538200969E73 /* Images.xcassets */,
				77306CBD1A14538200969E73 /* LaunchScreen.xib */,
				77306CB21A14538200969E73 /* Supporting Files */,
			);
			path = WorldTraveler;
			sourceTree = "<group>";
		};
		77306CB21A14538200969E73 /* Supporting Files */ = {
			isa = PBXGroup;
			children = (
				77306CB31A14538200969E73 /* Info.plist */,
			);
			name = "Supporting Files";
			sourceTree = "<group>";
		};
		77306CC71A14538200969E73 /* WorldTravelerTests */ = {
			isa = PBXGroup;
			children = (
				77306CCA1A14538200969E73 /* WorldTravelerTests.swift */,
				77306CC81A14538200969E73 /* Supporting Files */,
			);
			path = WorldTravelerTests;
			sourceTree = "<group>";
		};
		77306CC81A14538200969E73 /* Supporting Files */ = {
			isa = PBXGroup;
			children = (
				77306CC91A14538200969E73 /* Info.plist */,
			);
			name = "Supporting Files";
			sourceTree = "<group>";
		};
/* End PBXGroup section */

/* Begin PBXNativeTarget section */
		77306CAE1A14538200969E73 /* WorldTraveler */ = {
			isa = PBXNativeTarget;
			buildConfigurationList = 77306CCE1A14538200969E73 /* Build configuration list for PBXNativeTarget "WorldTraveler" */;
			buildPhases = (
				77306CAB1A14538200969E73 /* Sources */,
				77306CAC1A14538200969E73 /* Frameworks */,
				77306CAD1A14538200969E73 /* Resources */,
			);
			buildRules = (
			);
			dependencies = (
			);
			name = WorldTraveler;
			productName = WorldTraveler;
			productReference = 77306CAF1A14538200969E73 /* WorldTraveler.app */;
			productType = "com.apple.product-type.application";
		};
		77306CC31A14538200969E73 /* WorldTravelerTests */ = {
			isa = PBXNativeTarget;
			buildConfigurationList = 77306CD11A14538200969E73 /* Build configuration list for PBXNativeTarget "WorldTravelerTests" */;
			buildPhases = (
				77306CC01A14538200969E73 /* Sources */,
				77306CC11A14538200969E73 /* Frameworks */,
				77306CC21A14538200969E73 /* Resources */,
			);
			buildRules = (
			);
			dependencies = (
				77306CC61A14538200969E73 /* PBXTargetDependency */,
			);
			name = WorldTravelerTests;
			productName = WorldTravelerTests;
			productReference = 77306CC41A14538200969E73 /* WorldTravelerTests.xctest */;
			productType = "com.apple.product-type.bundle.unit-test";
		};
/* End PBXNativeTarget section */

/* Begin PBXProject section */
		77306CA71A14538200969E73 /* Project object */ = {
			isa = PBXProject;
			attributes = {
				LastUpgradeCheck = 0610;
				ORGANIZATIONNAME = "Better Things";
				TargetAttributes = {
					77306CAE1A14538200969E73 = {
						CreatedOnToolsVersion = 6.1;
					};
					77306CC31A14538200969E73 = {
						CreatedOnToolsVersion = 6.1;
						TestTargetID = 77306CAE1A14538200969E73;
					};
				};
			};
			buildConfigurationList = 77306CAA1A14538200969E73 /* Build configuration list for PBXProject "WorldTraveler" */;
			compatibilityVersion = "Xcode 3.2";
			developmentRegion = English;
			hasScannedForEncodings = 0;
			knownRegions = (
				en,
				Base,
			);
			mainGroup = 77306CA61A14538200969E73;
			productRefGroup = 77306CB01A14538200969E73 /* Products */;
			projectDirPath = "";
			projectRoot = "";
			targets = (
				77306CAE1A14538200969E73 /* WorldTraveler */,
				77306CC31A14538200969E73 /* WorldTravelerTests */,
			);
		};
/* End PBXProject section */

/* Begin PBXResourcesBuildPhase section */
		77306CAD1A14538200969E73 /* Resources */ = {
			isa = PBXResourcesBuildPhase;
			buildActionMask = 2147483647;
			files = (
				77306CBA1A14538200969E73 /* Main.storyboard in Resources */,
				77306CBF1A14538200969E73 /* LaunchScreen.xib in Resources */,
				77306CBC1A14538200969E73 /* Images.xcassets in Resources */,
			);
			runOnlyForDeploymentPostprocessing = 0;
		};
		77306CC21A14538200969E73 /* Resources */ = {
			isa = PBXResourcesBuildPhase;
			buildActionMask = 2147483647;
			files = (
			);
			runOnlyForDeploymentPostprocessing = 0;
		};
/* End PBXResourcesBuildPhase section */

/* Begin PBXSourcesBuildPhase section */
		77306CAB1A14538200969E73 /* Sources */ = {
			isa = PBXSourcesBuildPhase;
			buildActionMask = 2147483647;
			files = (
				77306CB71A14538200969E73 /* ViewController.swift in Sources */,
				77306CB51A14538200969E73 /* AppDelegate.swift in Sources */,
			);
			runOnlyForDeploymentPostprocessing = 0;
		};
		77306CC01A14538200969E73 /* Sources */ = {
			isa = PBXSourcesBuildPhase;
			buildActionMask = 2147483647;
			files = (
				77306CCB1A14538200969E73 /* WorldTravelerTests.swift in Sources */,
			);
			runOnlyForDeploymentPostprocessing = 0;
		};
/* End PBXSourcesBuildPhase section */

/* Begin PBXTargetDependency section */
		77306CC61A14538200969E73 /* PBXTargetDependency */ = {
			isa = PBXTargetDependency;
			target = 77306CAE1A14538200969E73 /* WorldTraveler */;
			targetProxy = 77306CC51A14538200969E73 /* PBXContainerItemProxy */;
		};
/* End PBXTargetDependency section */

/* Begin PBXVariantGroup section */
		77306CB81A14538200969E73 /* Main.storyboard */ = {
			isa = PBXVariantGroup;
			children = (
				77306CB91A14538200969E73 /* Base */,
			);
			name = Main.storyboard;
			sourceTree = "<group>";
		};
		77306CBD1A14538200969E73 /* LaunchScreen.xib */ = {
			isa = PBXVariantGroup;
			children = (
				77306CBE1A14538200969E73 /* Base */,
			);
			name = LaunchScreen.xib;
			sourceTree = "<group>";
		};
/* End PBXVariantGroup section */

/* Begin XCBuildConfiguration section */
		77306CCC1A14538200969E73 /* Debug */ = {
			isa = XCBuildConfiguration;
			buildSettings = {
				ALWAYS_SEARCH_USER_PATHS = NO;
				CLANG_CXX_LANGUAGE_STANDARD = "gnu++0x";
				CLANG_CXX_LIBRARY = "libc++";
				CLANG_ENABLE_MODULES = YES;
				CLANG_ENABLE_OBJC_ARC = YES;
				CLANG_WARN_BOOL_CONVERSION = YES;
				CLANG_WARN_CONSTANT_CONVERSION = YES;
				CLANG_WARN_DIRECT_OBJC_ISA_USAGE = YES_ERROR;
				CLANG_WARN_EMPTY_BODY = YES;
				CLANG_WARN_ENUM_CONVERSION = YES;
				CLANG_WARN_INT_CONVERSION = YES;
				CLANG_WARN_OBJC_ROOT_CLASS = YES_ERROR;
				CLANG_WARN_UNREACHABLE_CODE = YES;
				CLANG_WARN__DUPLICATE_METHOD_MATCH = YES;
				"CODE_SIGN_IDENTITY[sdk=iphoneos*]" = "iPhone Developer";
				COPY_PHASE_STRIP = NO;
				ENABLE_STRICT_OBJC_MSGSEND = YES;
				GCC_C_LANGUAGE_STANDARD = gnu99;
				GCC_DYNAMIC_NO_PIC = NO;
				GCC_OPTIMIZATION_LEVEL = 0;
				GCC_PREPROCESSOR_DEFINITIONS = (
					"DEBUG=1",
					"$(inherited)",
				);
				GCC_SYMBOLS_PRIVATE_EXTERN = NO;
				GCC_WARN_64_TO_32_BIT_CONVERSION = YES;
				GCC_WARN_ABOUT_RETURN_TYPE = YES_ERROR;
				GCC_WARN_UNDECLARED_SELECTOR = YES;
				GCC_WARN_UNINITIALIZED_AUTOS = YES_AGGRESSIVE;
				GCC_WARN_UNUSED_FUNCTION = YES;
				GCC_WARN_UNUSED_VARIABLE = YES;
				IPHONEOS_DEPLOYMENT_TARGET = 8.1;
				MTL_ENABLE_DEBUG_INFO = YES;
				ONLY_ACTIVE_ARCH = YES;
				SDKROOT = iphoneos;
				SWIFT_OPTIMIZATION_LEVEL = "-Onone";
			};
			name = Debug;
		};
		77306CCD1A14538200969E73 /* Release */ = {
			isa = XCBuildConfiguration;
			buildSettings = {
				ALWAYS_SEARCH_USER_PATHS = NO;
				CLANG_CXX_LANGUAGE_STANDARD = "gnu++0x";
				CLANG_CXX_LIBRARY = "libc++";
				CLANG_ENABLE_MODULES = YES;
				CLANG_ENABLE_OBJC_ARC = YES;
				CLANG_WARN_BOOL_CONVERSION = YES;
				CLANG_WARN_CONSTANT_CONVERSION = YES;
				CLANG_WARN_DIRECT_OBJC_ISA_USAGE = YES_ERROR;
				CLANG_WARN_EMPTY_BODY = YES;
				CLANG_WARN_ENUM_CONVERSION = YES;
				CLANG_WARN_INT_CONVERSION = YES;
				CLANG_WARN_OBJC_ROOT_CLASS = YES_ERROR;
				CLANG_WARN_UNREACHABLE_CODE = YES;
				CLANG_WARN__DUPLICATE_METHOD_MATCH = YES;
				"CODE_SIGN_IDENTITY[sdk=iphoneos*]" = "iPhone Developer";
				COPY_PHASE_STRIP = YES;
				ENABLE_NS_ASSERTIONS = NO;
				ENABLE_STRICT_OBJC_MSGSEND = YES;
				GCC_C_LANGUAGE_STANDARD = gnu99;
				GCC_WARN_64_TO_32_BIT_CONVERSION = YES;
				GCC_WARN_ABOUT_RETURN_TYPE = YES_ERROR;
				GCC_WARN_UNDECLARED_SELECTOR = YES;
				GCC_WARN_UNINITIALIZED_AUTOS = YES_AGGRESSIVE;
				GCC_WARN_UNUSED_FUNCTION = YES;
				GCC_WARN_UNUSED_VARIABLE = YES;
				IPHONEOS_DEPLOYMENT_TARGET = 8.1;
				MTL_ENABLE_DEBUG_INFO = NO;
				SDKROOT = iphoneos;
				VALIDATE_PRODUCT = YES;
			};
			name = Release;
		};
		77306CCF1A14538200969E73 /* Debug */ = {
			isa = XCBuildConfiguration;
			buildSettings = {
				ASSETCATALOG_COMPILER_APPICON_NAME = AppIcon;
				INFOPLIST_FILE = WorldTraveler/Info.plist;
				LD_RUNPATH_SEARCH_PATHS = "$(inherited) @executable_path/Frameworks";
				PRODUCT_NAME = "$(TARGET_NAME)";
			};
			name = Debug;
		};
		77306CD01A14538200969E73 /* Release */ = {
			isa = XCBuildConfiguration;
			buildSettings = {
				ASSETCATALOG_COMPILER_APPICON_NAME = AppIcon;
				INFOPLIST_FILE = WorldTraveler/Info.plist;
				LD_RUNPATH_SEARCH_PATHS = "$(inherited) @executable_path/Frameworks";
				PRODUCT_NAME = "$(TARGET_NAME)";
			};
			name = Release;
		};
		77306CD21A14538200969E73 /* Debug */ = {
			isa = XCBuildConfiguration;
			buildSettings = {
				BUNDLE_LOADER = "$(TEST_HOST)";
				FRAMEWORK_SEARCH_PATHS = (
					"$(SDKROOT)/Developer/Library/Frameworks",
					"$(inherited)",
				);
				GCC_PREPROCESSOR_DEFINITIONS = (
					"DEBUG=1",
					"$(inherited)",
				);
				INFOPLIST_FILE = WorldTravelerTests/Info.plist;
				LD_RUNPATH_SEARCH_PATHS = "$(inherited) @executable_path/Frameworks @loader_path/Frameworks";
				PRODUCT_NAME = "$(TARGET_NAME)";
				TEST_HOST = "$(BUILT_PRODUCTS_DIR)/WorldTraveler.app/WorldTraveler";
			};
			name = Debug;
		};
		77306CD31A14538200969E73 /* Release */ = {
			isa = XCBuildConfiguration;
			buildSettings = {
				BUNDLE_LOADER = "$(TEST_HOST)";
				FRAMEWORK_SEARCH_PATHS = (
					"$(SDKROOT)/Developer/Library/Frameworks",
					"$(inherited)",
				);
				INFOPLIST_FILE = WorldTravelerTests/Info.plist;
				LD_RUNPATH_SEARCH_PATHS = "$(inherited) @executable_path/Frameworks @loader_path/Frameworks";
				PRODUCT_NAME = "$(TARGET_NAME)";
				TEST_HOST = "$(BUILT_PRODUCTS_DIR)/WorldTraveler.app/WorldTraveler";
			};
			name = Release;
		};
/* End XCBuildConfiguration section */

/* Begin XCConfigurationList section */
		77306CAA1A14538200969E73 /* Build configuration list for PBXProject "WorldTraveler" */ = {
			isa = XCConfigurationList;
			buildConfigurations = (
				77306CCC1A14538200969E73 /* Debug */,
				77306CCD1A14538200969E73 /* Release */,
			);
			defaultConfigurationIsVisible = 0;
			defaultConfigurationName = Release;
		};
		77306CCE1A14538200969E73 /* Build configuration list for PBXNativeTarget "WorldTraveler" */ = {
			isa = XCConfigurationList;
			buildConfigurations = (
				77306CCF1A14538200969E73 /* Debug */,
				77306CD01A14538200969E73 /* Release */,
			);
			defaultConfigurationIsVisible = 0;
		};
		77306CD11A14538200969E73 /* Build configuration list for PBXNativeTarget "WorldTravelerTests" */ = {
			isa = XCConfigurationList;
			buildConfigurations = (
				77306CD21A14538200969E73 /* Debug */,
				77306CD31A14538200969E73 /* Release */,
			);
			defaultConfigurationIsVisible = 0;
		};
/* End XCConfigurationList section */
	};
	rootObject = 77306CA71A14538200969E73 /* Project object */;
}
